
Microsoft Visual Studio Solution File, Format Version 12.00
Project("{FAE04EC0-301F-11D3-BF4B-00C04F79EFBC}") = "WebApp", "WebApp\WebApp.csproj", "{7747B366-26C8-4582-B46E-66C03831993B}"
EndProject
Project("{FAE04EC0-301F-11D3-BF4B-00C04F79EFBC}") = "Domain.App", "Domain.App\Domain.App.csproj", "{52EC3159-7AA3-4B77-B78F-76CEFCDBCC3B}"
EndProject
Project("{FAE04EC0-301F-11D3-BF4B-00C04F79EFBC}") = "Domain.Base", "Domain.Base\Domain.Base.csproj", "{0856009A-5B1B-4995-927C-9245F181EFEE}"
EndProject
Project("{FAE04EC0-301F-11D3-BF4B-00C04F79EFBC}") = "Contracts.Domain.Base", "Contracts.Domain.Base\Contracts.Domain.Base.csproj", "{314C9502-D05B-4C87-B3D0-326D515BE268}"
EndProject
Project("{2150E333-8FDC-42A3-9474-1A3956D46DE8}") = "DOMAIN", "DOMAIN", "{C7E33FF8-6B56-4234-9B0D-0820DCBA7A2D}"
EndProject
Project("{2150E333-8FDC-42A3-9474-1A3956D46DE8}") = "DAL", "DAL", "{3D00BFA1-A0D7-4500-BC30-FC14B239ED6E}"
EndProject
Project("{2150E333-8FDC-42A3-9474-1A3956D46DE8}") = "BLL", "BLL", "{BB3DB35C-8C34-4BB6-9FC4-93BE92B24DF7}"
EndProject
Project("{2150E333-8FDC-42A3-9474-1A3956D46DE8}") = "Web", "Web", "{50242B08-9E14-4D3C-BA46-E8E34C7F8F77}"
EndProject
Project("{FAE04EC0-301F-11D3-BF4B-00C04F79EFBC}") = "Contracts.DAL.App", "Contracts.DAL.App\Contracts.DAL.App.csproj", "{BD956435-C56B-4AF0-BB27-E7291E55C717}"
EndProject
Project("{FAE04EC0-301F-11D3-BF4B-00C04F79EFBC}") = "Contracts.DAL.Base", "Contracts.DAL.Base\Contracts.DAL.Base.csproj", "{76511142-9F61-4657-B681-AEB8B3C6EA10}"
EndProject
Project("{FAE04EC0-301F-11D3-BF4B-00C04F79EFBC}") = "DAL.Base", "DAL.Base\DAL.Base.csproj", "{47EF0901-E146-41E1-AD0E-FD70D6CC4715}"
EndProject
Project("{FAE04EC0-301F-11D3-BF4B-00C04F79EFBC}") = "DAL.Base.EF", "DAL.Base.EF\DAL.Base.EF.csproj", "{43B89F87-3545-44EE-A5FD-40EB2A5BA97F}"
EndProject
Project("{FAE04EC0-301F-11D3-BF4B-00C04F79EFBC}") = "DAL.App.EF", "DAL.App.EF\DAL.App.EF.csproj", "{A0BD13F3-8C6C-4E63-B121-D526E3E76060}"
EndProject
Project("{FAE04EC0-301F-11D3-BF4B-00C04F79EFBC}") = "DAL.App.DTO", "DAL.App.DTO\DAL.App.DTO.csproj", "{4EC4F077-DBF5-435E-B111-8E0B50390186}"
EndProject
Project("{FAE04EC0-301F-11D3-BF4B-00C04F79EFBC}") = "BLL.Base", "BLL.Base\BLL.Base.csproj", "{9ACFECCE-6DC3-4489-BA50-8B528FCF3D31}"
EndProject
Project("{FAE04EC0-301F-11D3-BF4B-00C04F79EFBC}") = "BLL.App", "BLL.App\BLL.App.csproj", "{5D05233F-B193-4DBD-B46C-E1350FCEE94F}"
EndProject
Project("{FAE04EC0-301F-11D3-BF4B-00C04F79EFBC}") = "BLL.App.DTO", "BLL.App.DTO\BLL.App.DTO.csproj", "{E997C4B4-2A06-4488-8B4F-CCE257C4826A}"
EndProject
Project("{FAE04EC0-301F-11D3-BF4B-00C04F79EFBC}") = "Contracts.BLL.App", "Contracts.BLL.App\Contracts.BLL.App.csproj", "{8EC711E2-EA32-4B33-87C3-064CE374CC2C}"
EndProject
Project("{FAE04EC0-301F-11D3-BF4B-00C04F79EFBC}") = "Contracts.BLL.Base", "Contracts.BLL.Base\Contracts.BLL.Base.csproj", "{5EBCED51-F08F-4A16-B36D-87B02B45A862}"
EndProject
Project("{2150E333-8FDC-42A3-9474-1A3956D46DE8}") = "Base", "Base", "{57D7644A-9A7F-4223-81F1-BEB74E9B3965}"
EndProject
Project("{FAE04EC0-301F-11D3-BF4B-00C04F79EFBC}") = "Extensions.Base", "Extensions.Base\Extensions.Base.csproj", "{25543496-8355-45FA-9658-4CD7D82CDB0C}"
EndProject
Project("{FAE04EC0-301F-11D3-BF4B-00C04F79EFBC}") = "PublicApi.DTO.v1", "PublicApi.DTO.v1\PublicApi.DTO.v1.csproj", "{4EA75717-FB32-41D1-94A3-D18DDB80B24E}"
EndProject
Project("{2150E333-8FDC-42A3-9474-1A3956D46DE8}") = "Solution items", "Solution items", "{7C57D7BD-D125-4E4D-BC3F-637F24C07EA1}"
ProjectSection(SolutionItems) = preProject
	Directory.Build.props = Directory.Build.props
	Dockerfile = Dockerfile
	.dockerignore = .dockerignore
EndProjectSection
EndProject
Project("{2150E333-8FDC-42A3-9474-1A3956D46DE8}") = "Tests", "Tests", "{8B71BF6E-B09C-4394-990B-5294C98B1521}"
EndProject
Project("{FAE04EC0-301F-11D3-BF4B-00C04F79EFBC}") = "TestProject", "TestProject\TestProject.csproj", "{3049248F-65C7-430D-8A4B-50D57D42CC35}"
EndProject
Project("{FAE04EC0-301F-11D3-BF4B-00C04F79EFBC}") = "Constants", "Constants\Constants.csproj", "{A6E432FE-4EAA-4A64-B6DF-1C6D446E87CD}"
EndProject
Global
	GlobalSection(SolutionConfigurationPlatforms) = preSolution
		Debug|Any CPU = Debug|Any CPU
		Release|Any CPU = Release|Any CPU
	EndGlobalSection
	GlobalSection(ProjectConfigurationPlatforms) = postSolution
		{7747B366-26C8-4582-B46E-66C03831993B}.Debug|Any CPU.ActiveCfg = Debug|Any CPU
		{7747B366-26C8-4582-B46E-66C03831993B}.Debug|Any CPU.Build.0 = Debug|Any CPU
		{7747B366-26C8-4582-B46E-66C03831993B}.Release|Any CPU.ActiveCfg = Release|Any CPU
		{7747B366-26C8-4582-B46E-66C03831993B}.Release|Any CPU.Build.0 = Release|Any CPU
		{52EC3159-7AA3-4B77-B78F-76CEFCDBCC3B}.Debug|Any CPU.ActiveCfg = Debug|Any CPU
		{52EC3159-7AA3-4B77-B78F-76CEFCDBCC3B}.Debug|Any CPU.Build.0 = Debug|Any CPU
		{52EC3159-7AA3-4B77-B78F-76CEFCDBCC3B}.Release|Any CPU.ActiveCfg = Release|Any CPU
		{52EC3159-7AA3-4B77-B78F-76CEFCDBCC3B}.Release|Any CPU.Build.0 = Release|Any CPU
		{0856009A-5B1B-4995-927C-9245F181EFEE}.Debug|Any CPU.ActiveCfg = Debug|Any CPU
		{0856009A-5B1B-4995-927C-9245F181EFEE}.Debug|Any CPU.Build.0 = Debug|Any CPU
		{0856009A-5B1B-4995-927C-9245F181EFEE}.Release|Any CPU.ActiveCfg = Release|Any CPU
		{0856009A-5B1B-4995-927C-9245F181EFEE}.Release|Any CPU.Build.0 = Release|Any CPU
		{314C9502-D05B-4C87-B3D0-326D515BE268}.Debug|Any CPU.ActiveCfg = Debug|Any CPU
		{314C9502-D05B-4C87-B3D0-326D515BE268}.Debug|Any CPU.Build.0 = Debug|Any CPU
		{314C9502-D05B-4C87-B3D0-326D515BE268}.Release|Any CPU.ActiveCfg = Release|Any CPU
		{314C9502-D05B-4C87-B3D0-326D515BE268}.Release|Any CPU.Build.0 = Release|Any CPU
		{BD956435-C56B-4AF0-BB27-E7291E55C717}.Debug|Any CPU.ActiveCfg = Debug|Any CPU
		{BD956435-C56B-4AF0-BB27-E7291E55C717}.Debug|Any CPU.Build.0 = Debug|Any CPU
		{BD956435-C56B-4AF0-BB27-E7291E55C717}.Release|Any CPU.ActiveCfg = Release|Any CPU
		{BD956435-C56B-4AF0-BB27-E7291E55C717}.Release|Any CPU.Build.0 = Release|Any CPU
		{76511142-9F61-4657-B681-AEB8B3C6EA10}.Debug|Any CPU.ActiveCfg = Debug|Any CPU
		{76511142-9F61-4657-B681-AEB8B3C6EA10}.Debug|Any CPU.Build.0 = Debug|Any CPU
		{76511142-9F61-4657-B681-AEB8B3C6EA10}.Release|Any CPU.ActiveCfg = Release|Any CPU
		{76511142-9F61-4657-B681-AEB8B3C6EA10}.Release|Any CPU.Build.0 = Release|Any CPU
		{47EF0901-E146-41E1-AD0E-FD70D6CC4715}.Debug|Any CPU.ActiveCfg = Debug|Any CPU
		{47EF0901-E146-41E1-AD0E-FD70D6CC4715}.Debug|Any CPU.Build.0 = Debug|Any CPU
		{47EF0901-E146-41E1-AD0E-FD70D6CC4715}.Release|Any CPU.ActiveCfg = Release|Any CPU
		{47EF0901-E146-41E1-AD0E-FD70D6CC4715}.Release|Any CPU.Build.0 = Release|Any CPU
		{43B89F87-3545-44EE-A5FD-40EB2A5BA97F}.Debug|Any CPU.ActiveCfg = Debug|Any CPU
		{43B89F87-3545-44EE-A5FD-40EB2A5BA97F}.Debug|Any CPU.Build.0 = Debug|Any CPU
		{43B89F87-3545-44EE-A5FD-40EB2A5BA97F}.Release|Any CPU.ActiveCfg = Release|Any CPU
		{43B89F87-3545-44EE-A5FD-40EB2A5BA97F}.Release|Any CPU.Build.0 = Release|Any CPU
		{A0BD13F3-8C6C-4E63-B121-D526E3E76060}.Debug|Any CPU.ActiveCfg = Debug|Any CPU
		{A0BD13F3-8C6C-4E63-B121-D526E3E76060}.Debug|Any CPU.Build.0 = Debug|Any CPU
		{A0BD13F3-8C6C-4E63-B121-D526E3E76060}.Release|Any CPU.ActiveCfg = Release|Any CPU
		{A0BD13F3-8C6C-4E63-B121-D526E3E76060}.Release|Any CPU.Build.0 = Release|Any CPU
		{4EC4F077-DBF5-435E-B111-8E0B50390186}.Debug|Any CPU.ActiveCfg = Debug|Any CPU
		{4EC4F077-DBF5-435E-B111-8E0B50390186}.Debug|Any CPU.Build.0 = Debug|Any CPU
		{4EC4F077-DBF5-435E-B111-8E0B50390186}.Release|Any CPU.ActiveCfg = Release|Any CPU
		{4EC4F077-DBF5-435E-B111-8E0B50390186}.Release|Any CPU.Build.0 = Release|Any CPU
		{9ACFECCE-6DC3-4489-BA50-8B528FCF3D31}.Debug|Any CPU.ActiveCfg = Debug|Any CPU
		{9ACFECCE-6DC3-4489-BA50-8B528FCF3D31}.Debug|Any CPU.Build.0 = Debug|Any CPU
		{9ACFECCE-6DC3-4489-BA50-8B528FCF3D31}.Release|Any CPU.ActiveCfg = Release|Any CPU
		{9ACFECCE-6DC3-4489-BA50-8B528FCF3D31}.Release|Any CPU.Build.0 = Release|Any CPU
		{5D05233F-B193-4DBD-B46C-E1350FCEE94F}.Debug|Any CPU.ActiveCfg = Debug|Any CPU
		{5D05233F-B193-4DBD-B46C-E1350FCEE94F}.Debug|Any CPU.Build.0 = Debug|Any CPU
		{5D05233F-B193-4DBD-B46C-E1350FCEE94F}.Release|Any CPU.ActiveCfg = Release|Any CPU
		{5D05233F-B193-4DBD-B46C-E1350FCEE94F}.Release|Any CPU.Build.0 = Release|Any CPU
		{E997C4B4-2A06-4488-8B4F-CCE257C4826A}.Debug|Any CPU.ActiveCfg = Debug|Any CPU
		{E997C4B4-2A06-4488-8B4F-CCE257C4826A}.Debug|Any CPU.Build.0 = Debug|Any CPU
		{E997C4B4-2A06-4488-8B4F-CCE257C4826A}.Release|Any CPU.ActiveCfg = Release|Any CPU
		{E997C4B4-2A06-4488-8B4F-CCE257C4826A}.Release|Any CPU.Build.0 = Release|Any CPU
		{8EC711E2-EA32-4B33-87C3-064CE374CC2C}.Debug|Any CPU.ActiveCfg = Debug|Any CPU
		{8EC711E2-EA32-4B33-87C3-064CE374CC2C}.Debug|Any CPU.Build.0 = Debug|Any CPU
		{8EC711E2-EA32-4B33-87C3-064CE374CC2C}.Release|Any CPU.ActiveCfg = Release|Any CPU
		{8EC711E2-EA32-4B33-87C3-064CE374CC2C}.Release|Any CPU.Build.0 = Release|Any CPU
		{5EBCED51-F08F-4A16-B36D-87B02B45A862}.Debug|Any CPU.ActiveCfg = Debug|Any CPU
		{5EBCED51-F08F-4A16-B36D-87B02B45A862}.Debug|Any CPU.Build.0 = Debug|Any CPU
		{5EBCED51-F08F-4A16-B36D-87B02B45A862}.Release|Any CPU.ActiveCfg = Release|Any CPU
		{5EBCED51-F08F-4A16-B36D-87B02B45A862}.Release|Any CPU.Build.0 = Release|Any CPU
		{25543496-8355-45FA-9658-4CD7D82CDB0C}.Debug|Any CPU.ActiveCfg = Debug|Any CPU
		{25543496-8355-45FA-9658-4CD7D82CDB0C}.Debug|Any CPU.Build.0 = Debug|Any CPU
		{25543496-8355-45FA-9658-4CD7D82CDB0C}.Release|Any CPU.ActiveCfg = Release|Any CPU
		{25543496-8355-45FA-9658-4CD7D82CDB0C}.Release|Any CPU.Build.0 = Release|Any CPU
		{4EA75717-FB32-41D1-94A3-D18DDB80B24E}.Debug|Any CPU.ActiveCfg = Debug|Any CPU
		{4EA75717-FB32-41D1-94A3-D18DDB80B24E}.Debug|Any CPU.Build.0 = Debug|Any CPU
		{4EA75717-FB32-41D1-94A3-D18DDB80B24E}.Release|Any CPU.ActiveCfg = Release|Any CPU
		{4EA75717-FB32-41D1-94A3-D18DDB80B24E}.Release|Any CPU.Build.0 = Release|Any CPU
		{3049248F-65C7-430D-8A4B-50D57D42CC35}.Debug|Any CPU.ActiveCfg = Debug|Any CPU
		{3049248F-65C7-430D-8A4B-50D57D42CC35}.Debug|Any CPU.Build.0 = Debug|Any CPU
		{3049248F-65C7-430D-8A4B-50D57D42CC35}.Release|Any CPU.ActiveCfg = Release|Any CPU
		{3049248F-65C7-430D-8A4B-50D57D42CC35}.Release|Any CPU.Build.0 = Release|Any CPU
		{A6E432FE-4EAA-4A64-B6DF-1C6D446E87CD}.Debug|Any CPU.ActiveCfg = Debug|Any CPU
		{A6E432FE-4EAA-4A64-B6DF-1C6D446E87CD}.Debug|Any CPU.Build.0 = Debug|Any CPU
		{A6E432FE-4EAA-4A64-B6DF-1C6D446E87CD}.Release|Any CPU.ActiveCfg = Release|Any CPU
		{A6E432FE-4EAA-4A64-B6DF-1C6D446E87CD}.Release|Any CPU.Build.0 = Release|Any CPU
	EndGlobalSection
	GlobalSection(NestedProjects) = preSolution
		{52EC3159-7AA3-4B77-B78F-76CEFCDBCC3B} = {C7E33FF8-6B56-4234-9B0D-0820DCBA7A2D}
		{BD956435-C56B-4AF0-BB27-E7291E55C717} = {3D00BFA1-A0D7-4500-BC30-FC14B239ED6E}
		{A0BD13F3-8C6C-4E63-B121-D526E3E76060} = {3D00BFA1-A0D7-4500-BC30-FC14B239ED6E}
		{4EC4F077-DBF5-435E-B111-8E0B50390186} = {3D00BFA1-A0D7-4500-BC30-FC14B239ED6E}
		{5D05233F-B193-4DBD-B46C-E1350FCEE94F} = {BB3DB35C-8C34-4BB6-9FC4-93BE92B24DF7}
		{E997C4B4-2A06-4488-8B4F-CCE257C4826A} = {BB3DB35C-8C34-4BB6-9FC4-93BE92B24DF7}
		{8EC711E2-EA32-4B33-87C3-064CE374CC2C} = {BB3DB35C-8C34-4BB6-9FC4-93BE92B24DF7}
		{9ACFECCE-6DC3-4489-BA50-8B528FCF3D31} = {57D7644A-9A7F-4223-81F1-BEB74E9B3965}
		{5EBCED51-F08F-4A16-B36D-87B02B45A862} = {57D7644A-9A7F-4223-81F1-BEB74E9B3965}
		{76511142-9F61-4657-B681-AEB8B3C6EA10} = {57D7644A-9A7F-4223-81F1-BEB74E9B3965}
		{47EF0901-E146-41E1-AD0E-FD70D6CC4715} = {57D7644A-9A7F-4223-81F1-BEB74E9B3965}
		{43B89F87-3545-44EE-A5FD-40EB2A5BA97F} = {57D7644A-9A7F-4223-81F1-BEB74E9B3965}
		{0856009A-5B1B-4995-927C-9245F181EFEE} = {57D7644A-9A7F-4223-81F1-BEB74E9B3965}
		{314C9502-D05B-4C87-B3D0-326D515BE268} = {57D7644A-9A7F-4223-81F1-BEB74E9B3965}
		{25543496-8355-45FA-9658-4CD7D82CDB0C} = {57D7644A-9A7F-4223-81F1-BEB74E9B3965}
		{4EA75717-FB32-41D1-94A3-D18DDB80B24E} = {50242B08-9E14-4D3C-BA46-E8E34C7F8F77}
		{7747B366-26C8-4582-B46E-66C03831993B} = {50242B08-9E14-4D3C-BA46-E8E34C7F8F77}
		{3049248F-65C7-430D-8A4B-50D57D42CC35} = {8B71BF6E-B09C-4394-990B-5294C98B1521}
		{A6E432FE-4EAA-4A64-B6DF-1C6D446E87CD} = {C7E33FF8-6B56-4234-9B0D-0820DCBA7A2D}
	EndGlobalSection
EndGlobal
